PODS:
  - Gifu (3.1.0)
  - Nuke (7.3.2)
  - Nuke-Gifu-Plugin (3.0):
    - Gifu (~> 3.0)
    - Nuke (~> 7.3.2)

DEPENDENCIES:
  - Nuke-Gifu-Plugin (from `../`)

SPEC REPOS:
  https://github.com/cocoapods/specs.git:
    - Gifu
    - Nuke

EXTERNAL SOURCES:
  Nuke-Gifu-Plugin:
    :path: "../"

SPEC CHECKSUMS:
  Gifu: fd1e9e3a15ac5d90bae0a510e4ed9f94b485ab03
  Nuke: a9a31bbd6c6723753ab024ef22057dcaaf046c1b
  Nuke-Gifu-Plugin: d50b4eb7b68ca35006a6c6567e8e024c1b7b0431

PODFILE CHECKSUM: 34acb2e73e4a997421666742ae0c14dd7c02f9a7

COCOAPODS: 1.5.3
